{
  "name": "basic-stopwatch",
  "version": "0.0.1",
  "lockfileVersion": 1,
  "requires": true,
  "dependencies": {
    "append-type": {
      "version": "1.0.2",
      "resolved": "https://registry.npmjs.org/append-type/-/append-type-1.0.2.tgz",
      "integrity": "sha512-hac740vT/SAbrFBLgLIWZqVT5PUAcGTWS5UkDDhr+OCizZSw90WKw6sWAEgGaYd2viIblggypMXwpjzHXOvAQg=="
    },
    "array-includes-all": {
      "version": "2.0.0",
      "resolved": "https://registry.npmjs.org/array-includes-all/-/array-includes-all-2.0.0.tgz",
      "integrity": "sha512-adtLgp4gowTJojppKRsyuco1B0YK1eOa2prwr1rCpF2ofOcuclx60W3GRqUpTVi3IorufS5uIZIilHECdl/5uA==",
      "requires": {
        "append-type": "^1.0.1"
      }
    },
    "array-includes-with-glob": {
      "version": "2.11.21",
      "resolved": "https://registry.npmjs.org/array-includes-with-glob/-/array-includes-with-glob-2.11.21.tgz",
      "integrity": "sha512-nOac/V9MCbYy05xrR7NVIO7BaHg/x2Lm1XSdfysDAamlxFAvYJABtpT0YxmzcSl+OumxYdp4TLDSIBZnp2zFQQ==",
      "requires": {
        "matcher": "^1.1.1"
      }
    },
    "arrayiffy-if-string": {
      "version": "3.10.21",
      "resolved": "https://registry.npmjs.org/arrayiffy-if-string/-/arrayiffy-if-string-3.10.21.tgz",
      "integrity": "sha512-bV95qKZLm+lVHcLe1nquzhREaxg2iMXBgoZ4pmKtpClM4Zqgx0H+4GvwDGzbh/2gUBlKe22TNwwXf+BZajqfcQ=="
    },
    "ast-monkey-traverse": {
      "version": "1.11.17",
      "resolved": "https://registry.npmjs.org/ast-monkey-traverse/-/ast-monkey-traverse-1.11.17.tgz",
      "integrity": "sha512-dp3UG6hDRsUbNJqvo9rIj5TUKUw8mCzzbWwv8erISIkDmc2CrKNi8YmK60dlUj0S8LlP8uEWyNeCW32SNtI5gg==",
      "requires": {
        "lodash.clonedeep": "^4.5.0",
        "lodash.isplainobject": "^4.0.6"
      }
    },
    "check-types-mini": {
      "version": "5.7.17",
      "resolved": "https://registry.npmjs.org/check-types-mini/-/check-types-mini-5.7.17.tgz",
      "integrity": "sha512-8fgMXckt+yUccMV0ykHQuSjTiG7mQ+1TwQWlx93nxkhciYK75TFw8CSHkoeqz+hq2/9aSIV0Wzo3ZSyccIw76A==",
      "requires": {
        "arrayiffy-if-string": "^3.10.21",
        "ast-monkey-traverse": "^1.11.17",
        "lodash.intersection": "^4.4.0",
        "lodash.pullall": "^4.2.0",
        "matcher": "^1.1.1",
        "object-path": "^0.11.4",
        "ordinal": "^1.0.2",
        "type-detect": "^4.0.8"
      }
    },
    "escape-string-regexp": {
      "version": "1.0.5",
      "resolved": "https://registry.npmjs.org/escape-string-regexp/-/escape-string-regexp-1.0.5.tgz",
      "integrity": "sha1-G2HAViGQqN/2rjuyzwIAyhMLhtQ="
    },
    "lodash.clonedeep": {
      "version": "4.5.0",
      "resolved": "https://registry.npmjs.org/lodash.clonedeep/-/lodash.clonedeep-4.5.0.tgz",
      "integrity": "sha1-4j8/nE+Pvd6HJSnBBxhXoIblzO8="
    },
    "lodash.includes": {
      "version": "4.3.0",
      "resolved": "https://registry.npmjs.org/lodash.includes/-/lodash.includes-4.3.0.tgz",
      "integrity": "sha1-YLuYqHy5I8aMoeUTJUgzFISfVT8="
    },
    "lodash.intersection": {
      "version": "4.4.0",
      "resolved": "https://registry.npmjs.org/lodash.intersection/-/lodash.intersection-4.4.0.tgz",
      "integrity": "sha1-ChG6Yx0OlcI8fy9Mu5ppLtF45wU="
    },
    "lodash.isplainobject": {
      "version": "4.0.6",
      "resolved": "https://registry.npmjs.org/lodash.isplainobject/-/lodash.isplainobject-4.0.6.tgz",
      "integrity": "sha1-fFJqUtibRcRcxpC4gWO+BJf1UMs="
    },
    "lodash.pullall": {
      "version": "4.2.0",
      "resolved": "https://registry.npmjs.org/lodash.pullall/-/lodash.pullall-4.2.0.tgz",
      "integrity": "sha1-nZi4UYt8llsPrkCZvZ+334u/OLo="
    },
    "lodash.uniq": {
      "version": "4.5.0",
      "resolved": "https://registry.npmjs.org/lodash.uniq/-/lodash.uniq-4.5.0.tgz",
      "integrity": "sha1-0CJTc662Uq3BvILklFM5qEJ1R3M="
    },
    "matcher": {
      "version": "1.1.1",
      "resolved": "https://registry.npmjs.org/matcher/-/matcher-1.1.1.tgz",
      "integrity": "sha512-+BmqxWIubKTRKNWx/ahnCkk3mG8m7OturVlqq6HiojGJTd5hVYbgZm6WzcYPCoB+KBT4Vd6R7WSRG2OADNaCjg==",
      "requires": {
        "escape-string-regexp": "^1.0.4"
      }
    },
    "object-merge-advanced": {
      "version": "10.10.21",
      "resolved": "https://registry.npmjs.org/object-merge-advanced/-/object-merge-advanced-10.10.21.tgz",
      "integrity": "sha512-ftAxZ60ZwOfc6JlLlEOe08PmHEa/GUoSL+QbCO+7wcr+g2+2A2DDZbsKci8bacaJQCu/iSdHb0eT+/byUp/r8w==",
      "requires": {
        "array-includes-all": "^2.0.0",
        "array-includes-with-glob": "^2.11.21",
        "arrayiffy-if-string": "^3.10.21",
        "check-types-mini": "^5.7.17",
        "lodash.clonedeep": "^4.5.0",
        "lodash.includes": "^4.3.0",
        "lodash.isplainobject": "^4.0.6",
        "lodash.uniq": "^4.5.0",
        "util-nonempty": "^2.9.21"
      }
    },
    "object-path": {
      "version": "0.11.4",
      "resolved": "https://registry.npmjs.org/object-path/-/object-path-0.11.4.tgz",
      "integrity": "sha1-NwrnUvvzfePqcKhhwju6iRVpGUk="
    },
    "ordinal": {
      "version": "1.0.3",
      "resolved": "https://registry.npmjs.org/ordinal/-/ordinal-1.0.3.tgz",
      "integrity": "sha512-cMddMgb2QElm8G7vdaa02jhUNbTSrhsgAGUz1OokD83uJTwSUn+nKoNoKVVaRa08yF6sgfO7Maou1+bgLd9rdQ=="
    },
    "type-detect": {
      "version": "4.0.8",
      "resolved": "https://registry.npmjs.org/type-detect/-/type-detect-4.0.8.tgz",
      "integrity": "sha512-0fr/mIH1dlO+x7TlcMy+bIDqKPsw/70tVyeHW787goQjhmqaZe10uwLujubK9q9Lg6Fiho1KUKDYz0Z7k7g5/g=="
    },
    "util-nonempty": {
      "version": "2.9.21",
      "resolved": "https://registry.npmjs.org/util-nonempty/-/util-nonempty-2.9.21.tgz",
      "integrity": "sha512-aAqsz94hMufR2uGte6PWoDbYTzWaGO165lrd9wVBswZ2n5gTMay0hqGMZjfhoBoidaU4crNAEUaYkcfg96CzJA==",
      "requires": {
        "lodash.isplainobject": "^4.0.6"
      }
    }
  }
}
